// !$*UTF8*$!
{
	archiveVersion = 1;
	classes = {
	};
	objectVersion = 56;
	objects = {

/* Begin PBXBuildFile section */
		324BE6002A41A68C00F8DE80 /* GreetingsViewController.swift in Sources */ = {isa = PBXBuildFile; fileRef = 324BE5FF2A41A68C00F8DE80 /* GreetingsViewController.swift */; };
		324BE6022A41A6C300F8DE80 /* UserDetailsViewController.swift in Sources */ = {isa = PBXBuildFile; fileRef = 324BE6012A41A6C300F8DE80 /* UserDetailsViewController.swift */; };
		324BE6032A41A98C00F8DE80 /* Inter-Black.ttf in Resources */ = {isa = PBXBuildFile; fileRef = 32C97FD42A419BE200C0658C /* Inter-Black.ttf */; };
		324BE6042A41A98C00F8DE80 /* Inter-Bold.ttf in Resources */ = {isa = PBXBuildFile; fileRef = 32C97FDA2A419BE300C0658C /* Inter-Bold.ttf */; };
		324BE6052A41A98C00F8DE80 /* Inter-ExtraBold.ttf in Resources */ = {isa = PBXBuildFile; fileRef = 32C97FD62A419BE300C0658C /* Inter-ExtraBold.ttf */; };
		324BE6062A41A98C00F8DE80 /* Inter-ExtraLight.ttf in Resources */ = {isa = PBXBuildFile; fileRef = 32C97FD82A419BE300C0658C /* Inter-ExtraLight.ttf */; };
		324BE6072A41A98C00F8DE80 /* Inter-Light.ttf in Resources */ = {isa = PBXBuildFile; fileRef = 32C97FD92A419BE300C0658C /* Inter-Light.ttf */; };
		324BE6082A41A98C00F8DE80 /* Inter-Medium.ttf in Resources */ = {isa = PBXBuildFile; fileRef = 32C97FD72A419BE300C0658C /* Inter-Medium.ttf */; };
		324BE6092A41A98C00F8DE80 /* Inter-Regular.ttf in Resources */ = {isa = PBXBuildFile; fileRef = 32C97FDC2A419BE300C0658C /* Inter-Regular.ttf */; };
		324BE60A2A41A98C00F8DE80 /* Inter-SemiBold.ttf in Resources */ = {isa = PBXBuildFile; fileRef = 32C97FDB2A419BE300C0658C /* Inter-SemiBold.ttf */; };
		324BE60B2A41A98C00F8DE80 /* Inter-Thin.ttf in Resources */ = {isa = PBXBuildFile; fileRef = 32C97FD52A419BE300C0658C /* Inter-Thin.ttf */; };
		324BE60D2A41AAFA00F8DE80 /* InputViewController.swift in Sources */ = {isa = PBXBuildFile; fileRef = 324BE60C2A41AAFA00F8DE80 /* InputViewController.swift */; };
		324BE60F2A41ADAD00F8DE80 /* TattooStylesViewController.swift in Sources */ = {isa = PBXBuildFile; fileRef = 324BE60E2A41ADAD00F8DE80 /* TattooStylesViewController.swift */; };
		324BE6112A41BF2300F8DE80 /* SignUpViewController.swift in Sources */ = {isa = PBXBuildFile; fileRef = 324BE6102A41BF2300F8DE80 /* SignUpViewController.swift */; };
		32C97FD12A419B4F00C0658C /* FirstLaunch.storyboard in Resources */ = {isa = PBXBuildFile; fileRef = 32C97FD02A419B4F00C0658C /* FirstLaunch.storyboard */; };
		32CFCD5F2A3B1BA1005C2E0F /* AppDelegate.swift in Sources */ = {isa = PBXBuildFile; fileRef = 32CFCD5E2A3B1BA1005C2E0F /* AppDelegate.swift */; };
		32CFCD612A3B1BA1005C2E0F /* SceneDelegate.swift in Sources */ = {isa = PBXBuildFile; fileRef = 32CFCD602A3B1BA1005C2E0F /* SceneDelegate.swift */; };
		32CFCD632A3B1BA1005C2E0F /* ViewController.swift in Sources */ = {isa = PBXBuildFile; fileRef = 32CFCD622A3B1BA1005C2E0F /* ViewController.swift */; };
		32CFCD662A3B1BA1005C2E0F /* Main.storyboard in Resources */ = {isa = PBXBuildFile; fileRef = 32CFCD642A3B1BA1005C2E0F /* Main.storyboard */; };
		32CFCD692A3B1BA1005C2E0F /* TattooService.xcdatamodeld in Sources */ = {isa = PBXBuildFile; fileRef = 32CFCD672A3B1BA1005C2E0F /* TattooService.xcdatamodeld */; };
		32CFCD6B2A3B1BA3005C2E0F /* Assets.xcassets in Resources */ = {isa = PBXBuildFile; fileRef = 32CFCD6A2A3B1BA3005C2E0F /* Assets.xcassets */; };
		32CFCD6E2A3B1BA3005C2E0F /* LaunchScreen.storyboard in Resources */ = {isa = PBXBuildFile; fileRef = 32CFCD6C2A3B1BA3005C2E0F /* LaunchScreen.storyboard */; };
		32CFCD762A3B1C79005C2E0F /* CoreDataManager.swift in Sources */ = {isa = PBXBuildFile; fileRef = 32CFCD752A3B1C79005C2E0F /* CoreDataManager.swift */; };
		5390E8C0893D0AE18BF4E82A /* Pods_TattooService.framework in Frameworks */ = {isa = PBXBuildFile; fileRef = FCDAA89A45AB8114C4911CD6 /* Pods_TattooService.framework */; };
/* End PBXBuildFile section */

/* Begin PBXFileReference section */
		324BE5FF2A41A68C00F8DE80 /* GreetingsViewController.swift */ = {isa = PBXFileReference; lastKnownFileType = sourcecode.swift; path = GreetingsViewController.swift; sourceTree = "<group>"; };
		324BE6012A41A6C300F8DE80 /* UserDetailsViewController.swift */ = {isa = PBXFileReference; lastKnownFileType = sourcecode.swift; path = UserDetailsViewController.swift; sourceTree = "<group>"; };
		324BE60C2A41AAFA00F8DE80 /* InputViewController.swift */ = {isa = PBXFileReference; lastKnownFileType = sourcecode.swift; path = InputViewController.swift; sourceTree = "<group>"; };
		324BE60E2A41ADAD00F8DE80 /* TattooStylesViewController.swift */ = {isa = PBXFileReference; lastKnownFileType = sourcecode.swift; path = TattooStylesViewController.swift; sourceTree = "<group>"; };
		324BE6102A41BF2300F8DE80 /* SignUpViewController.swift */ = {isa = PBXFileReference; lastKnownFileType = sourcecode.swift; path = SignUpViewController.swift; sourceTree = "<group>"; };
		32C97FD02A419B4F00C0658C /* FirstLaunch.storyboard */ = {isa = PBXFileReference; lastKnownFileType = file.storyboard; path = FirstLaunch.storyboard; sourceTree = "<group>"; };
		32C97FD42A419BE200C0658C /* Inter-Black.ttf */ = {isa = PBXFileReference; lastKnownFileType = file; path = "Inter-Black.ttf"; sourceTree = "<group>"; };
		32C97FD52A419BE300C0658C /* Inter-Thin.ttf */ = {isa = PBXFileReference; lastKnownFileType = file; path = "Inter-Thin.ttf"; sourceTree = "<group>"; };
		32C97FD62A419BE300C0658C /* Inter-ExtraBold.ttf */ = {isa = PBXFileReference; lastKnownFileType = file; path = "Inter-ExtraBold.ttf"; sourceTree = "<group>"; };
		32C97FD72A419BE300C0658C /* Inter-Medium.ttf */ = {isa = PBXFileReference; lastKnownFileType = file; path = "Inter-Medium.ttf"; sourceTree = "<group>"; };
		32C97FD82A419BE300C0658C /* Inter-ExtraLight.ttf */ = {isa = PBXFileReference; lastKnownFileType = file; path = "Inter-ExtraLight.ttf"; sourceTree = "<group>"; };
		32C97FD92A419BE300C0658C /* Inter-Light.ttf */ = {isa = PBXFileReference; lastKnownFileType = file; path = "Inter-Light.ttf"; sourceTree = "<group>"; };
		32C97FDA2A419BE300C0658C /* Inter-Bold.ttf */ = {isa = PBXFileReference; lastKnownFileType = file; path = "Inter-Bold.ttf"; sourceTree = "<group>"; };
		32C97FDB2A419BE300C0658C /* Inter-SemiBold.ttf */ = {isa = PBXFileReference; lastKnownFileType = file; path = "Inter-SemiBold.ttf"; sourceTree = "<group>"; };
		32C97FDC2A419BE300C0658C /* Inter-Regular.ttf */ = {isa = PBXFileReference; lastKnownFileType = file; path = "Inter-Regular.ttf"; sourceTree = "<group>"; };
		32CFCD5B2A3B1BA1005C2E0F /* TattooService.app */ = {isa = PBXFileReference; explicitFileType = wrapper.application; includeInIndex = 0; path = TattooService.app; sourceTree = BUILT_PRODUCTS_DIR; };
		32CFCD5E2A3B1BA1005C2E0F /* AppDelegate.swift */ = {isa = PBXFileReference; lastKnownFileType = sourcecode.swift; path = AppDelegate.swift; sourceTree = "<group>"; };
		32CFCD602A3B1BA1005C2E0F /* SceneDelegate.swift */ = {isa = PBXFileReference; lastKnownFileType = sourcecode.swift; path = SceneDelegate.swift; sourceTree = "<group>"; };
		32CFCD622A3B1BA1005C2E0F /* ViewController.swift */ = {isa = PBXFileReference; lastKnownFileType = sourcecode.swift; path = ViewController.swift; sourceTree = "<group>"; };
		32CFCD652A3B1BA1005C2E0F /* Base */ = {isa = PBXFileReference; lastKnownFileType = file.storyboard; name = Base; path = Base.lproj/Main.storyboard; sourceTree = "<group>"; };
		32CFCD682A3B1BA1005C2E0F /* TattooService.xcdatamodel */ = {isa = PBXFileReference; lastKnownFileType = wrapper.xcdatamodel; path = TattooService.xcdatamodel; sourceTree = "<group>"; };
		32CFCD6A2A3B1BA3005C2E0F /* Assets.xcassets */ = {isa = PBXFileReference; lastKnownFileType = folder.assetcatalog; path = Assets.xcassets; sourceTree = "<group>"; };
		32CFCD6D2A3B1BA3005C2E0F /* Base */ = {isa = PBXFileReference; lastKnownFileType = file.storyboard; name = Base; path = Base.lproj/LaunchScreen.storyboard; sourceTree = "<group>"; };
		32CFCD6F2A3B1BA3005C2E0F /* Info.plist */ = {isa = PBXFileReference; lastKnownFileType = text.plist.xml; path = Info.plist; sourceTree = "<group>"; };
		32CFCD752A3B1C79005C2E0F /* CoreDataManager.swift */ = {isa = PBXFileReference; lastKnownFileType = sourcecode.swift; path = CoreDataManager.swift; sourceTree = "<group>"; };
		C2874902A05553737B7A428E /* Pods-TattooService.debug.xcconfig */ = {isa = PBXFileReference; includeInIndex = 1; lastKnownFileType = text.xcconfig; name = "Pods-TattooService.debug.xcconfig"; path = "Target Support Files/Pods-TattooService/Pods-TattooService.debug.xcconfig"; sourceTree = "<group>"; };
		FCDAA89A45AB8114C4911CD6 /* Pods_TattooService.framework */ = {isa = PBXFileReference; explicitFileType = wrapper.framework; includeInIndex = 0; path = Pods_TattooService.framework; sourceTree = BUILT_PRODUCTS_DIR; };
		FF2162A3F2DB1CE31CBF0C27 /* Pods-TattooService.release.xcconfig */ = {isa = PBXFileReference; includeInIndex = 1; lastKnownFileType = text.xcconfig; name = "Pods-TattooService.release.xcconfig"; path = "Target Support Files/Pods-TattooService/Pods-TattooService.release.xcconfig"; sourceTree = "<group>"; };
/* End PBXFileReference section */

/* Begin PBXFrameworksBuildPhase section */
		32CFCD582A3B1BA1005C2E0F /* Frameworks */ = {
			isa = PBXFrameworksBuildPhase;
			buildActionMask = 2147483647;
			files = (
				5390E8C0893D0AE18BF4E82A /* Pods_TattooService.framework in Frameworks */,
			);
			runOnlyForDeploymentPostprocessing = 0;
		};
/* End PBXFrameworksBuildPhase section */

/* Begin PBXGroup section */
		324BE5FE2A41A67A00F8DE80 /* FirstLaunch */ = {
			isa = PBXGroup;
			children = (
				324BE5FF2A41A68C00F8DE80 /* GreetingsViewController.swift */,
				324BE6012A41A6C300F8DE80 /* UserDetailsViewController.swift */,
				324BE60E2A41ADAD00F8DE80 /* TattooStylesViewController.swift */,
				324BE6102A41BF2300F8DE80 /* SignUpViewController.swift */,
			);
			path = FirstLaunch;
			sourceTree = "<group>";
		};
		324BE6132A41BFD900F8DE80 /* Main */ = {
			isa = PBXGroup;
			children = (
				32CFCD622A3B1BA1005C2E0F /* ViewController.swift */,
			);
			path = Main;
			sourceTree = "<group>";
		};
		324BE6142A41C00800F8DE80 /* Storyboards */ = {
			isa = PBXGroup;
			children = (
				32CFCD6C2A3B1BA3005C2E0F /* LaunchScreen.storyboard */,
				32CFCD642A3B1BA1005C2E0F /* Main.storyboard */,
				32C97FD02A419B4F00C0658C /* FirstLaunch.storyboard */,
			);
			path = Storyboards;
			sourceTree = "<group>";
		};
		32C97FCA2A41917A00C0658C /* Models */ = {
			isa = PBXGroup;
			children = (
			);
			path = Models;
			sourceTree = "<group>";
		};
		32C97FCB2A41918100C0658C /* Views */ = {
			isa = PBXGroup;
			children = (
				324BE6142A41C00800F8DE80 /* Storyboards */,
				324BE6132A41BFD900F8DE80 /* Main */,
				324BE5FE2A41A67A00F8DE80 /* FirstLaunch */,
				324BE60C2A41AAFA00F8DE80 /* InputViewController.swift */,
			);
			path = Views;
			sourceTree = "<group>";
		};
		32C97FCC2A41918600C0658C /* ViewModels */ = {
			isa = PBXGroup;
			children = (
			);
			path = ViewModels;
			sourceTree = "<group>";
		};
		32C97FCD2A41919700C0658C /* Data */ = {
			isa = PBXGroup;
			children = (
				32CFCD672A3B1BA1005C2E0F /* TattooService.xcdatamodeld */,
				32CFCD752A3B1C79005C2E0F /* CoreDataManager.swift */,
			);
			path = Data;
			sourceTree = "<group>";
		};
		32C97FD22A419BB200C0658C /* Assets */ = {
			isa = PBXGroup;
			children = (
				32C97FD32A419BC000C0658C /* Fonts */,
				32CFCD6A2A3B1BA3005C2E0F /* Assets.xcassets */,
			);
			path = Assets;
			sourceTree = "<group>";
		};
		32C97FD32A419BC000C0658C /* Fonts */ = {
			isa = PBXGroup;
			children = (
				32C97FD42A419BE200C0658C /* Inter-Black.ttf */,
				32C97FDA2A419BE300C0658C /* Inter-Bold.ttf */,
				32C97FD62A419BE300C0658C /* Inter-ExtraBold.ttf */,
				32C97FD82A419BE300C0658C /* Inter-ExtraLight.ttf */,
				32C97FD92A419BE300C0658C /* Inter-Light.ttf */,
				32C97FD72A419BE300C0658C /* Inter-Medium.ttf */,
				32C97FDC2A419BE300C0658C /* Inter-Regular.ttf */,
				32C97FDB2A419BE300C0658C /* Inter-SemiBold.ttf */,
				32C97FD52A419BE300C0658C /* Inter-Thin.ttf */,
			);
			path = Fonts;
			sourceTree = "<group>";
		};
		32CFCD522A3B1BA1005C2E0F = {
			isa = PBXGroup;
			children = (
				32CFCD5D2A3B1BA1005C2E0F /* TattooService */,
				32CFCD5C2A3B1BA1005C2E0F /* Products */,
				7202FC543389F8EC871F88D4 /* Pods */,
				430C6151148F8E228B0F485C /* Frameworks */,
			);
			sourceTree = "<group>";
		};
		32CFCD5C2A3B1BA1005C2E0F /* Products */ = {
			isa = PBXGroup;
			children = (
				32CFCD5B2A3B1BA1005C2E0F /* TattooService.app */,
			);
			name = Products;
			sourceTree = "<group>";
		};
		32CFCD5D2A3B1BA1005C2E0F /* TattooService */ = {
			isa = PBXGroup;
			children = (
				32C97FD22A419BB200C0658C /* Assets */,
				32C97FCD2A41919700C0658C /* Data */,
				32C97FCC2A41918600C0658C /* ViewModels */,
				32C97FCB2A41918100C0658C /* Views */,
				32C97FCA2A41917A00C0658C /* Models */,
				32CFCD5E2A3B1BA1005C2E0F /* AppDelegate.swift */,
				32CFCD602A3B1BA1005C2E0F /* SceneDelegate.swift */,
				32CFCD6F2A3B1BA3005C2E0F /* Info.plist */,
			);
			path = TattooService;
			sourceTree = "<group>";
		};
		430C6151148F8E228B0F485C /* Frameworks */ = {
			isa = PBXGroup;
			children = (
				FCDAA89A45AB8114C4911CD6 /* Pods_TattooService.framework */,
			);
			name = Frameworks;
			sourceTree = "<group>";
		};
		7202FC543389F8EC871F88D4 /* Pods */ = {
			isa = PBXGroup;
			children = (
				C2874902A05553737B7A428E /* Pods-TattooService.debug.xcconfig */,
				FF2162A3F2DB1CE31CBF0C27 /* Pods-TattooService.release.xcconfig */,
			);
			path = Pods;
			sourceTree = "<group>";
		};
/* End PBXGroup section */

/* Begin PBXNativeTarget section */
		32CFCD5A2A3B1BA1005C2E0F /* TattooService */ = {
			isa = PBXNativeTarget;
			buildConfigurationList = 32CFCD722A3B1BA3005C2E0F /* Build configuration list for PBXNativeTarget "TattooService" */;
			buildPhases = (
				517419A9F2C6E7E40364AEFD /* [CP] Check Pods Manifest.lock */,
				32CFCD572A3B1BA1005C2E0F /* Sources */,
				32CFCD582A3B1BA1005C2E0F /* Frameworks */,
				32CFCD592A3B1BA1005C2E0F /* Resources */,
				0EF9CB547D0ADBA8F6494350 /* [CP] Embed Pods Frameworks */,
			);
			buildRules = (
			);
			dependencies = (
			);
			name = TattooService;
			productName = TattooService;
			productReference = 32CFCD5B2A3B1BA1005C2E0F /* TattooService.app */;
			productType = "com.apple.product-type.application";
		};
/* End PBXNativeTarget section */

/* Begin PBXProject section */
		32CFCD532A3B1BA1005C2E0F /* Project object */ = {
			isa = PBXProject;
			attributes = {
				BuildIndependentTargetsInParallel = 1;
				LastSwiftUpdateCheck = 1420;
				LastUpgradeCheck = 1420;
				TargetAttributes = {
					32CFCD5A2A3B1BA1005C2E0F = {
						CreatedOnToolsVersion = 14.2;
					};
				};
			};
			buildConfigurationList = 32CFCD562A3B1BA1005C2E0F /* Build configuration list for PBXProject "TattooService" */;
			compatibilityVersion = "Xcode 14.0";
			developmentRegion = en;
			hasScannedForEncodings = 0;
			knownRegions = (
				en,
				Base,
			);
			mainGroup = 32CFCD522A3B1BA1005C2E0F;
			productRefGroup = 32CFCD5C2A3B1BA1005C2E0F /* Products */;
			projectDirPath = "";
			projectRoot = "";
			targets = (
				32CFCD5A2A3B1BA1005C2E0F /* TattooService */,
			);
		};
/* End PBXProject section */

/* Begin PBXResourcesBuildPhase section */
		32CFCD592A3B1BA1005C2E0F /* Resources */ = {
			isa = PBXResourcesBuildPhase;
			buildActionMask = 2147483647;
			files = (
				324BE6032A41A98C00F8DE80 /* Inter-Black.ttf in Resources */,
				324BE6042A41A98C00F8DE80 /* Inter-Bold.ttf in Resources */,
				324BE6052A41A98C00F8DE80 /* Inter-ExtraBold.ttf in Resources */,
				324BE6062A41A98C00F8DE80 /* Inter-ExtraLight.ttf in Resources */,
				324BE6072A41A98C00F8DE80 /* Inter-Light.ttf in Resources */,
				324BE6082A41A98C00F8DE80 /* Inter-Medium.ttf in Resources */,
				324BE6092A41A98C00F8DE80 /* Inter-Regular.ttf in Resources */,
				324BE60A2A41A98C00F8DE80 /* Inter-SemiBold.ttf in Resources */,
				324BE60B2A41A98C00F8DE80 /* Inter-Thin.ttf in Resources */,
				32C97FD12A419B4F00C0658C /* FirstLaunch.storyboard in Resources */,
				32CFCD6E2A3B1BA3005C2E0F /* LaunchScreen.storyboard in Resources */,
				32CFCD6B2A3B1BA3005C2E0F /* Assets.xcassets in Resources */,
				32CFCD662A3B1BA1005C2E0F /* Main.storyboard in Resources */,
			);
			runOnlyForDeploymentPostprocessing = 0;
		};
/* End PBXResourcesBuildPhase section */

/* Begin PBXShellScriptBuildPhase section */
		0EF9CB547D0ADBA8F6494350 /* [CP] Embed Pods Frameworks */ = {
			isa = PBXShellScriptBuildPhase;
			buildActionMask = 2147483647;
			files = (
			);
			inputFileListPaths = (
				"${PODS_ROOT}/Target Support Files/Pods-TattooService/Pods-TattooService-frameworks-${CONFIGURATION}-input-files.xcfilelist",
			);
			name = "[CP] Embed Pods Frameworks";
			outputFileListPaths = (
				"${PODS_ROOT}/Target Support Files/Pods-TattooService/Pods-TattooService-frameworks-${CONFIGURATION}-output-files.xcfilelist",
			);
			runOnlyForDeploymentPostprocessing = 0;
			shellPath = /bin/sh;
			shellScript = "\"${PODS_ROOT}/Target Support Files/Pods-TattooService/Pods-TattooService-frameworks.sh\"\n";
			showEnvVarsInLog = 0;
		};
		517419A9F2C6E7E40364AEFD /* [CP] Check Pods Manifest.lock */ = {
			isa = PBXShellScriptBuildPhase;
			buildActionMask = 2147483647;
			files = (
			);
			inputFileListPaths = (
			);
			inputPaths = (
				"${PODS_PODFILE_DIR_PATH}/Podfile.lock",
				"${PODS_ROOT}/Manifest.lock",
			);
			name = "[CP] Check Pods Manifest.lock";
			outputFileListPaths = (
			);
			outputPaths = (
				"$(DERIVED_FILE_DIR)/Pods-TattooService-checkManifestLockResult.txt",
			);
			runOnlyForDeploymentPostprocessing = 0;
			shellPath = /bin/sh;
			shellScript = "diff \"${PODS_PODFILE_DIR_PATH}/Podfile.lock\" \"${PODS_ROOT}/Manifest.lock\" > /dev/null\nif [ $? != 0 ] ; then\n    # print error to STDERR\n    echo \"error: The sandbox is not in sync with the Podfile.lock. Run 'pod install' or update your CocoaPods installation.\" >&2\n    exit 1\nfi\n# This output is used by Xcode 'outputs' to avoid re-running this script phase.\necho \"SUCCESS\" > \"${SCRIPT_OUTPUT_FILE_0}\"\n";
			showEnvVarsInLog = 0;
		};
/* End PBXShellScriptBuildPhase section */

/* Begin PBXSourcesBuildPhase section */
		32CFCD572A3B1BA1005C2E0F /* Sources */ = {
			isa = PBXSourcesBuildPhase;
			buildActionMask = 2147483647;
			files = (
				324BE60D2A41AAFA00F8DE80 /* InputViewController.swift in Sources */,
				32CFCD632A3B1BA1005C2E0F /* ViewController.swift in Sources */,
				324BE6002A41A68C00F8DE80 /* GreetingsViewController.swift in Sources */,
				32CFCD5F2A3B1BA1005C2E0F /* AppDelegate.swift in Sources */,
				324BE6112A41BF2300F8DE80 /* SignUpViewController.swift in Sources */,
				32CFCD692A3B1BA1005C2E0F /* TattooService.xcdatamodeld in Sources */,
				324BE60F2A41ADAD00F8DE80 /* TattooStylesViewController.swift in Sources */,
				324BE6022A41A6C300F8DE80 /* UserDetailsViewController.swift in Sources */,
				32CFCD762A3B1C79005C2E0F /* CoreDataManager.swift in Sources */,
				32CFCD612A3B1BA1005C2E0F /* SceneDelegate.swift in Sources */,
			);
			runOnlyForDeploymentPostprocessing = 0;
		};
/* End PBXSourcesBuildPhase section */

/* Begin PBXVariantGroup section */
		32CFCD642A3B1BA1005C2E0F /* Main.storyboard */ = {
			isa = PBXVariantGroup;
			children = (
				32CFCD652A3B1BA1005C2E0F /* Base */,
			);
			name = Main.storyboard;
			sourceTree = "<group>";
		};
		32CFCD6C2A3B1BA3005C2E0F /* LaunchScreen.storyboard */ = {
			isa = PBXVariantGroup;
			children = (
				32CFCD6D2A3B1BA3005C2E0F /* Base */,
			);
			name = LaunchScreen.storyboard;
			sourceTree = "<group>";
		};
/* End PBXVariantGroup section */

/* Begin XCBuildConfiguration section */
		32CFCD702A3B1BA3005C2E0F /* Debug */ = {
			isa = XCBuildConfiguration;
			buildSettings = {
				ALWAYS_SEARCH_USER_PATHS = NO;
				CLANG_ANALYZER_NONNULL = YES;
				CLANG_ANALYZER_NUMBER_OBJECT_CONVERSION = YES_AGGRESSIVE;
				CLANG_CXX_LANGUAGE_STANDARD = "gnu++20";
				CLANG_ENABLE_MODULES = YES;
				CLANG_ENABLE_OBJC_ARC = YES;
				CLANG_ENABLE_OBJC_WEAK = YES;
				CLANG_WARN_BLOCK_CAPTURE_AUTORELEASING = YES;
				CLANG_WARN_BOOL_CONVERSION = YES;
				CLANG_WARN_COMMA = YES;
				CLANG_WARN_CONSTANT_CONVERSION = YES;
				CLANG_WARN_DEPRECATED_OBJC_IMPLEMENTATIONS = YES;
				CLANG_WARN_DIRECT_OBJC_ISA_USAGE = YES_ERROR;
				CLANG_WARN_DOCUMENTATION_COMMENTS = YES;
				CLANG_WARN_EMPTY_BODY = YES;
				CLANG_WARN_ENUM_CONVERSION = YES;
				CLANG_WARN_INFINITE_RECURSION = YES;
				CLANG_WARN_INT_CONVERSION = YES;
				CLANG_WARN_NON_LITERAL_NULL_CONVERSION = YES;
				CLANG_WARN_OBJC_IMPLICIT_RETAIN_SELF = YES;
				CLANG_WARN_OBJC_LITERAL_CONVERSION = YES;
				CLANG_WARN_OBJC_ROOT_CLASS = YES_ERROR;
				CLANG_WARN_QUOTED_INCLUDE_IN_FRAMEWORK_HEADER = YES;
				CLANG_WARN_RANGE_LOOP_ANALYSIS = YES;
				CLANG_WARN_STRICT_PROTOTYPES = YES;
				CLANG_WARN_SUSPICIOUS_MOVE = YES;
				CLANG_WARN_UNGUARDED_AVAILABILITY = YES_AGGRESSIVE;
				CLANG_WARN_UNREACHABLE_CODE = YES;
				CLANG_WARN__DUPLICATE_METHOD_MATCH = YES;
				COPY_PHASE_STRIP = NO;
				DEBUG_INFORMATION_FORMAT = dwarf;
				ENABLE_STRICT_OBJC_MSGSEND = YES;
				ENABLE_TESTABILITY = YES;
				GCC_C_LANGUAGE_STANDARD = gnu11;
				GCC_DYNAMIC_NO_PIC = NO;
				GCC_NO_COMMON_BLOCKS = YES;
				GCC_OPTIMIZATION_LEVEL = 0;
				GCC_PREPROCESSOR_DEFINITIONS = (
					"DEBUG=1",
					"$(inherited)",
				);
				GCC_WARN_64_TO_32_BIT_CONVERSION = YES;
				GCC_WARN_ABOUT_RETURN_TYPE = YES_ERROR;
				GCC_WARN_UNDECLARED_SELECTOR = YES;
				GCC_WARN_UNINITIALIZED_AUTOS = YES_AGGRESSIVE;
				GCC_WARN_UNUSED_FUNCTION = YES;
				GCC_WARN_UNUSED_VARIABLE = YES;
				IPHONEOS_DEPLOYMENT_TARGET = 16.0;
				MTL_ENABLE_DEBUG_INFO = INCLUDE_SOURCE;
				MTL_FAST_MATH = YES;
				ONLY_ACTIVE_ARCH = YES;
				SDKROOT = iphoneos;
				SWIFT_ACTIVE_COMPILATION_CONDITIONS = DEBUG;
				SWIFT_OPTIMIZATION_LEVEL = "-Onone";
			};
			name = Debug;
		};
		32CFCD712A3B1BA3005C2E0F /* Release */ = {
			isa = XCBuildConfiguration;
			buildSettings = {
				ALWAYS_SEARCH_USER_PATHS = NO;
				CLANG_ANALYZER_NONNULL = YES;
				CLANG_ANALYZER_NUMBER_OBJECT_CONVERSION = YES_AGGRESSIVE;
				CLANG_CXX_LANGUAGE_STANDARD = "gnu++20";
				CLANG_ENABLE_MODULES = YES;
				CLANG_ENABLE_OBJC_ARC = YES;
				CLANG_ENABLE_OBJC_WEAK = YES;
				CLANG_WARN_BLOCK_CAPTURE_AUTORELEASING = YES;
				CLANG_WARN_BOOL_CONVERSION = YES;
				CLANG_WARN_COMMA = YES;
				CLANG_WARN_CONSTANT_CONVERSION = YES;
				CLANG_WARN_DEPRECATED_OBJC_IMPLEMENTATIONS = YES;
				CLANG_WARN_DIRECT_OBJC_ISA_USAGE = YES_ERROR;
				CLANG_WARN_DOCUMENTATION_COMMENTS = YES;
				CLANG_WARN_EMPTY_BODY = YES;
				CLANG_WARN_ENUM_CONVERSION = YES;
				CLANG_WARN_INFINITE_RECURSION = YES;
				CLANG_WARN_INT_CONVERSION = YES;
				CLANG_WARN_NON_LITERAL_NULL_CONVERSION = YES;
				CLANG_WARN_OBJC_IMPLICIT_RETAIN_SELF = YES;
				CLANG_WARN_OBJC_LITERAL_CONVERSION = YES;
				CLANG_WARN_OBJC_ROOT_CLASS = YES_ERROR;
				CLANG_WARN_QUOTED_INCLUDE_IN_FRAMEWORK_HEADER = YES;
				CLANG_WARN_RANGE_LOOP_ANALYSIS = YES;
				CLANG_WARN_STRICT_PROTOTYPES = YES;
				CLANG_WARN_SUSPICIOUS_MOVE = YES;
				CLANG_WARN_UNGUARDED_AVAILABILITY = YES_AGGRESSIVE;
				CLANG_WARN_UNREACHABLE_CODE = YES;
				CLANG_WARN__DUPLICATE_METHOD_MATCH = YES;
				COPY_PHASE_STRIP = NO;
				DEBUG_INFORMATION_FORMAT = "dwarf-with-dsym";
				ENABLE_NS_ASSERTIONS = NO;
				ENABLE_STRICT_OBJC_MSGSEND = YES;
				GCC_C_LANGUAGE_STANDARD = gnu11;
				GCC_NO_COMMON_BLOCKS = YES;
				GCC_WARN_64_TO_32_BIT_CONVERSION = YES;
				GCC_WARN_ABOUT_RETURN_TYPE = YES_ERROR;
				GCC_WARN_UNDECLARED_SELECTOR = YES;
				GCC_WARN_UNINITIALIZED_AUTOS = YES_AGGRESSIVE;
				GCC_WARN_UNUSED_FUNCTION = YES;
				GCC_WARN_UNUSED_VARIABLE = YES;
				IPHONEOS_DEPLOYMENT_TARGET = 16.0;
				MTL_ENABLE_DEBUG_INFO = NO;
				MTL_FAST_MATH = YES;
				SDKROOT = iphoneos;
				SWIFT_COMPILATION_MODE = wholemodule;
				SWIFT_OPTIMIZATION_LEVEL = "-O";
				VALIDATE_PRODUCT = YES;
			};
			name = Release;
		};
		32CFCD732A3B1BA3005C2E0F /* Debug */ = {
			isa = XCBuildConfiguration;
			baseConfigurationReference = C2874902A05553737B7A428E /* Pods-TattooService.debug.xcconfig */;
			buildSettings = {
				ASSETCATALOG_COMPILER_APPICON_NAME = AppIcon;
				ASSETCATALOG_COMPILER_GLOBAL_ACCENT_COLOR_NAME = AccentColor;
				CODE_SIGN_STYLE = Automatic;
				CURRENT_PROJECT_VERSION = 1;
				DEVELOPMENT_TEAM = 97AF9CH96R;
				GENERATE_INFOPLIST_FILE = YES;
				INFOPLIST_FILE = TattooService/Info.plist;
				INFOPLIST_KEY_CFBundleDisplayName = Tatoos;
				INFOPLIST_KEY_LSApplicationCategoryType = "public.app-category.business";
				INFOPLIST_KEY_UIApplicationSupportsIndirectInputEvents = YES;
				INFOPLIST_KEY_UILaunchStoryboardName = LaunchScreen.storyboard;
				INFOPLIST_KEY_UIMainStoryboardFile = Main;
				INFOPLIST_KEY_UIStatusBarStyle = "";
				INFOPLIST_KEY_UISupportedInterfaceOrientations_iPad = "UIInterfaceOrientationPortrait UIInterfaceOrientationPortraitUpsideDown UIInterfaceOrientationLandscapeLeft UIInterfaceOrientationLandscapeRight";
				INFOPLIST_KEY_UISupportedInterfaceOrientations_iPhone = "UIInterfaceOrientationPortrait UIInterfaceOrientationLandscapeLeft UIInterfaceOrientationLandscapeRight";
				IPHONEOS_DEPLOYMENT_TARGET = 16.0;
				LD_RUNPATH_SEARCH_PATHS = (
					"$(inherited)",
					"@executable_path/Frameworks",
				);
				MARKETING_VERSION = 1.0;
				PRODUCT_BUNDLE_IDENTIFIER = com.tinkldeath.TattooService;
				PRODUCT_NAME = "$(TARGET_NAME)";
				SUPPORTED_PLATFORMS = "iphoneos iphonesimulator";
				SUPPORTS_MACCATALYST = NO;
				SUPPORTS_MAC_DESIGNED_FOR_IPHONE_IPAD = NO;
				SWIFT_EMIT_LOC_STRINGS = YES;
				SWIFT_VERSION = 5.0;
				TARGETED_DEVICE_FAMILY = 1;
			};
			name = Debug;
		};
		32CFCD742A3B1BA3005C2E0F /* Release */ = {
			isa = XCBuildConfiguration;
			baseConfigurationReference = FF2162A3F2DB1CE31CBF0C27 /* Pods-TattooService.release.xcconfig */;
			buildSettings = {
				ASSETCATALOG_COMPILER_APPICON_NAME = AppIcon;
				ASSETCATALOG_COMPILER_GLOBAL_ACCENT_COLOR_NAME = AccentColor;
				CODE_SIGN_STYLE = Automatic;
				CURRENT_PROJECT_VERSION = 1;
				DEVELOPMENT_TEAM = 97AF9CH96R;
				GENERATE_INFOPLIST_FILE = YES;
				INFOPLIST_FILE = TattooService/Info.plist;
				INFOPLIST_KEY_CFBundleDisplayName = Tatoos;
				INFOPLIST_KEY_LSApplicationCategoryType = "public.app-category.business";
				INFOPLIST_KEY_UIApplicationSupportsIndirectInputEvents = YES;
				INFOPLIST_KEY_UILaunchStoryboardName = LaunchScreen.storyboard;
				INFOPLIST_KEY_UIMainStoryboardFile = Main;
				INFOPLIST_KEY_UIStatusBarStyle = "";
				INFOPLIST_KEY_UISupportedInterfaceOrientations_iPad = "UIInterfaceOrientationPortrait UIInterfaceOrientationPortraitUpsideDown UIInterfaceOrientationLandscapeLeft UIInterfaceOrientationLandscapeRight";
				INFOPLIST_KEY_UISupportedInterfaceOrientations_iPhone = "UIInterfaceOrientationPortrait UIInterfaceOrientationLandscapeLeft UIInterfaceOrientationLandscapeRight";
				IPHONEOS_DEPLOYMENT_TARGET = 16.0;
				LD_RUNPATH_SEARCH_PATHS = (
					"$(inherited)",
					"@executable_path/Frameworks",
				);
				MARKETING_VERSION = 1.0;
				PRODUCT_BUNDLE_IDENTIFIER = com.tinkldeath.TattooService;
				PRODUCT_NAME = "$(TARGET_NAME)";
				SUPPORTED_PLATFORMS = "iphoneos iphonesimulator";
				SUPPORTS_MACCATALYST = NO;
				SUPPORTS_MAC_DESIGNED_FOR_IPHONE_IPAD = NO;
				SWIFT_EMIT_LOC_STRINGS = YES;
				SWIFT_VERSION = 5.0;
				TARGETED_DEVICE_FAMILY = 1;
			};
			name = Release;
		};
/* End XCBuildConfiguration section */

/* Begin XCConfigurationList section */
		32CFCD562A3B1BA1005C2E0F /* Build configuration list for PBXProject "TattooService" */ = {
			isa = XCConfigurationList;
			buildConfigurations = (
				32CFCD702A3B1BA3005C2E0F /* Debug */,
				32CFCD712A3B1BA3005C2E0F /* Release */,
			);
			defaultConfigurationIsVisible = 0;
			defaultConfigurationName = Release;
		};
		32CFCD722A3B1BA3005C2E0F /* Build configuration list for PBXNativeTarget "TattooService" */ = {
			isa = XCConfigurationList;
			buildConfigurations = (
				32CFCD732A3B1BA3005C2E0F /* Debug */,
				32CFCD742A3B1BA3005C2E0F /* Release */,
			);
			defaultConfigurationIsVisible = 0;
			defaultConfigurationName = Release;
		};
/* End XCConfigurationList section */

/* Begin XCVersionGroup section */
		32CFCD672A3B1BA1005C2E0F /* TattooService.xcdatamodeld */ = {
			isa = XCVersionGroup;
			children = (
				32CFCD682A3B1BA1005C2E0F /* TattooService.xcdatamodel */,
			);
			currentVersion = 32CFCD682A3B1BA1005C2E0F /* TattooService.xcdatamodel */;
			path = TattooService.xcdatamodeld;
			sourceTree = "<group>";
			versionGroupType = wrapper.xcdatamodel;
		};
/* End XCVersionGroup section */
	};
	rootObject = 32CFCD532A3B1BA1005C2E0F /* Project object */;
}
